
Microsoft Visual Studio Solution File, Format Version 12.00
# Visual Studio Version 17
VisualStudioVersion = 17.10.34928.147
MinimumVisualStudioVersion = 10.0.40219.1
Project("{9A19103F-16F7-4668-BE54-9A1E7A4F7556}") = "RomanCalculatorWebAPI", "RomanCalculatorWebAPI.csproj", "{1ADDF212-8C52-4C20-87D0-DD0BAD93B4D1}"
EndProject
Global
	GlobalSection(SolutionConfigurationPlatforms) = preSolution
		Debug|Any CPU = Debug|Any CPU
		Release|Any CPU = Release|Any CPU
	EndGlobalSection
	GlobalSection(ProjectConfigurationPlatforms) = postSolution
		{1ADDF212-8C52-4C20-87D0-DD0BAD93B4D1}.Debug|Any CPU.ActiveCfg = Debug|Any CPU
		{1ADDF212-8C52-4C20-87D0-DD0BAD93B4D1}.Debug|Any CPU.Build.0 = Debug|Any CPU
		{1ADDF212-8C52-4C20-87D0-DD0BAD93B4D1}.Release|Any CPU.ActiveCfg = Release|Any CPU
		{1ADDF212-8C52-4C20-87D0-DD0BAD93B4D1}.Release|Any CPU.Build.0 = Release|Any CPU
	EndGlobalSection
	GlobalSection(SolutionProperties) = preSolution
		HideSolutionNode = FALSE
	EndGlobalSection
	GlobalSection(ExtensibilityGlobals) = postSolution
		SolutionGuid = {34E5845E-55FC-4E19-BA83-E1438F9FA9AF}
	EndGlobalSection
EndGlobal
